// !$*UTF8*$!
{
	archiveVersion = 1;
	classes = {
	};
	objectVersion = 50;
	objects = {

/* Begin PBXBuildFile section */
		0498632378BDADAB01271077 /* libPods-FortuneTeller.a in Frameworks */ = {isa = PBXBuildFile; fileRef = 40B2BF791BB6A65821C21E5E /* libPods-FortuneTeller.a */; };
		AA0E852423454148005EEB84 /* AnswersData.swift in Sources */ = {isa = PBXBuildFile; fileRef = AA0E852323454148005EEB84 /* AnswersData.swift */; };
		AA0E854A234C7CD2005EEB84 /* Fonts.swift in Sources */ = {isa = PBXBuildFile; fileRef = AA0E8549234C7CD1005EEB84 /* Fonts.swift */; };
		AA0E854C234C8C37005EEB84 /* KeychainService.swift in Sources */ = {isa = PBXBuildFile; fileRef = AA0E854B234C8C37005EEB84 /* KeychainService.swift */; };
		AA18C63F230DCC6A00DED0FA /* TabBarViewController.swift in Sources */ = {isa = PBXBuildFile; fileRef = AA18C63E230DCC6A00DED0FA /* TabBarViewController.swift */; };
		AA1F6BBE23508D7300BD141B /* SettingsViewController.swift in Sources */ = {isa = PBXBuildFile; fileRef = AA1F6BBD23508D7300BD141B /* SettingsViewController.swift */; };
		AA1F6BC02350C3D200BD141B /* SaveAnswerViewController.swift in Sources */ = {isa = PBXBuildFile; fileRef = AA1F6BBF2350C3D200BD141B /* SaveAnswerViewController.swift */; };
		AA1F6BC32351E58D00BD141B /* HUDView.swift in Sources */ = {isa = PBXBuildFile; fileRef = AA1F6BC22351E58D00BD141B /* HUDView.swift */; };
		AA1F6BC523520A7000BD141B /* TypeDisplayCell.swift in Sources */ = {isa = PBXBuildFile; fileRef = AA1F6BC423520A7000BD141B /* TypeDisplayCell.swift */; };
		AA1F6BC723520AD700BD141B /* TypePickerCell.swift in Sources */ = {isa = PBXBuildFile; fileRef = AA1F6BC623520AD700BD141B /* TypePickerCell.swift */; };
		AA1F6BC923520B3E00BD141B /* AnswerInputCell.swift in Sources */ = {isa = PBXBuildFile; fileRef = AA1F6BC823520B3E00BD141B /* AnswerInputCell.swift */; };
		AA1F6BCC235309F100BD141B /* SavedAnswerModel.xcdatamodeld in Sources */ = {isa = PBXBuildFile; fileRef = AA1F6BCA235309F100BD141B /* SavedAnswerModel.xcdatamodeld */; };
		AA1F6BD323530D3A00BD141B /* Answer+CoreDataClass.swift in Sources */ = {isa = PBXBuildFile; fileRef = AA1F6BD123530D3A00BD141B /* Answer+CoreDataClass.swift */; };
		AA1F6BD423530D3A00BD141B /* Answer+CoreDataProperties.swift in Sources */ = {isa = PBXBuildFile; fileRef = AA1F6BD223530D3A00BD141B /* Answer+CoreDataProperties.swift */; };
		AA1F6BD6235310DE00BD141B /* SavedAnswerService.swift in Sources */ = {isa = PBXBuildFile; fileRef = AA1F6BD5235310DE00BD141B /* SavedAnswerService.swift */; };
		AA1F6BD8235396DF00BD141B /* AnswerHistoryCell.swift in Sources */ = {isa = PBXBuildFile; fileRef = AA1F6BD7235396DF00BD141B /* AnswerHistoryCell.swift */; };
		AA3664D1230E763F00784E9F /* UserDefaultService.swift in Sources */ = {isa = PBXBuildFile; fileRef = AA3664CC230E763F00784E9F /* UserDefaultService.swift */; };
		AA3664D2230E763F00784E9F /* Response.swift in Sources */ = {isa = PBXBuildFile; fileRef = AA3664CD230E763F00784E9F /* Response.swift */; };
		AA3664D3230E763F00784E9F /* AnswersModel.swift in Sources */ = {isa = PBXBuildFile; fileRef = AA3664CE230E763F00784E9F /* AnswersModel.swift */; };
		AA3664D4230E763F00784E9F /* NetworkingService.swift in Sources */ = {isa = PBXBuildFile; fileRef = AA3664CF230E763F00784E9F /* NetworkingService.swift */; };
		AA3664D5230E763F00784E9F /* ResponsePackage.swift in Sources */ = {isa = PBXBuildFile; fileRef = AA3664D0230E763F00784E9F /* ResponsePackage.swift */; };
		AA68B76B23098A3400226290 /* AppDelegate.swift in Sources */ = {isa = PBXBuildFile; fileRef = AA68B76A23098A3400226290 /* AppDelegate.swift */; };
		AA68B76D23098A3400226290 /* MainViewController.swift in Sources */ = {isa = PBXBuildFile; fileRef = AA68B76C23098A3400226290 /* MainViewController.swift */; };
		AA68B77423098A3600226290 /* Assets.xcassets in Resources */ = {isa = PBXBuildFile; fileRef = AA68B77323098A3600226290 /* Assets.xcassets */; };
		AA68B77723098A3600226290 /* LaunchScreen.storyboard in Resources */ = {isa = PBXBuildFile; fileRef = AA68B77523098A3600226290 /* LaunchScreen.storyboard */; };
		AA69DB17230D42790072805E /* MyButton.swift in Sources */ = {isa = PBXBuildFile; fileRef = AA69DB16230D42790072805E /* MyButton.swift */; };
		AA93A5A9230C6EED004CACD2 /* DigitalStripBB_Reg.otf in Resources */ = {isa = PBXBuildFile; fileRef = AA93A5A8230C6EE8004CACD2 /* DigitalStripBB_Reg.otf */; };
		AA93A5AE230C7158004CACD2 /* DigitalStripBB_BoldItal.otf in Resources */ = {isa = PBXBuildFile; fileRef = AA93A5AC230C7158004CACD2 /* DigitalStripBB_BoldItal.otf */; };
		AA93A5AF230C7158004CACD2 /* DigitalStripBB_Ital.otf in Resources */ = {isa = PBXBuildFile; fileRef = AA93A5AD230C7158004CACD2 /* DigitalStripBB_Ital.otf */; };
		AAA856132338ADC80044434B /* Colors.swift in Sources */ = {isa = PBXBuildFile; fileRef = AAA856122338ADC80044434B /* Colors.swift */; };
		AAD33C81234100810025E072 /* MainViewModel.swift in Sources */ = {isa = PBXBuildFile; fileRef = AAD33C80234100810025E072 /* MainViewModel.swift */; };
		AAD33C83234105F90025E072 /* SettingsViewModel.swift in Sources */ = {isa = PBXBuildFile; fileRef = AAD33C82234105F90025E072 /* SettingsViewModel.swift */; };
		AAD33C912344829F0025E072 /* AnswersStoredData.swift in Sources */ = {isa = PBXBuildFile; fileRef = AAD33C902344829F0025E072 /* AnswersStoredData.swift */; };
		AAD33C93234493270025E072 /* PresentableResponse.swift in Sources */ = {isa = PBXBuildFile; fileRef = AAD33C92234493270025E072 /* PresentableResponse.swift */; };
		AAD33C952344AE480025E072 /* Protocols.swift in Sources */ = {isa = PBXBuildFile; fileRef = AAD33C942344AE480025E072 /* Protocols.swift */; };
		AAE636B1233B4F3A004B6868 /* Strings.swift in Sources */ = {isa = PBXBuildFile; fileRef = AAE636B0233B4F3A004B6868 /* Strings.swift */; };
		AAE636B3233B4FA4004B6868 /* Assets-images.swift in Sources */ = {isa = PBXBuildFile; fileRef = AAE636B2233B4FA4004B6868 /* Assets-images.swift */; };
/* End PBXBuildFile section */

/* Begin PBXFileReference section */
		2671921815CFDBCADF757EB4 /* Pods-FortuneTeller.release.xcconfig */ = {isa = PBXFileReference; includeInIndex = 1; lastKnownFileType = text.xcconfig; name = "Pods-FortuneTeller.release.xcconfig"; path = "Target Support Files/Pods-FortuneTeller/Pods-FortuneTeller.release.xcconfig"; sourceTree = "<group>"; };
		40B2BF791BB6A65821C21E5E /* libPods-FortuneTeller.a */ = {isa = PBXFileReference; explicitFileType = archive.ar; includeInIndex = 0; path = "libPods-FortuneTeller.a"; sourceTree = BUILT_PRODUCTS_DIR; };
		AA0E852323454148005EEB84 /* AnswersData.swift */ = {isa = PBXFileReference; lastKnownFileType = sourcecode.swift; path = AnswersData.swift; sourceTree = "<group>"; };
		AA0E8549234C7CD1005EEB84 /* Fonts.swift */ = {isa = PBXFileReference; fileEncoding = 4; lastKnownFileType = sourcecode.swift; path = Fonts.swift; sourceTree = "<group>"; };
		AA0E854B234C8C37005EEB84 /* KeychainService.swift */ = {isa = PBXFileReference; lastKnownFileType = sourcecode.swift; path = KeychainService.swift; sourceTree = "<group>"; };
		AA18C63E230DCC6A00DED0FA /* TabBarViewController.swift */ = {isa = PBXFileReference; lastKnownFileType = sourcecode.swift; path = TabBarViewController.swift; sourceTree = "<group>"; };
		AA1F6BBD23508D7300BD141B /* SettingsViewController.swift */ = {isa = PBXFileReference; lastKnownFileType = sourcecode.swift; path = SettingsViewController.swift; sourceTree = "<group>"; };
		AA1F6BBF2350C3D200BD141B /* SaveAnswerViewController.swift */ = {isa = PBXFileReference; lastKnownFileType = sourcecode.swift; path = SaveAnswerViewController.swift; sourceTree = "<group>"; };
		AA1F6BC22351E58D00BD141B /* HUDView.swift */ = {isa = PBXFileReference; lastKnownFileType = sourcecode.swift; path = HUDView.swift; sourceTree = "<group>"; };
		AA1F6BC423520A7000BD141B /* TypeDisplayCell.swift */ = {isa = PBXFileReference; lastKnownFileType = sourcecode.swift; path = TypeDisplayCell.swift; sourceTree = "<group>"; };
		AA1F6BC623520AD700BD141B /* TypePickerCell.swift */ = {isa = PBXFileReference; lastKnownFileType = sourcecode.swift; path = TypePickerCell.swift; sourceTree = "<group>"; };
		AA1F6BC823520B3E00BD141B /* AnswerInputCell.swift */ = {isa = PBXFileReference; lastKnownFileType = sourcecode.swift; path = AnswerInputCell.swift; sourceTree = "<group>"; };
		AA1F6BCB235309F100BD141B /* SavedAnswerModel.xcdatamodel */ = {isa = PBXFileReference; lastKnownFileType = wrapper.xcdatamodel; path = SavedAnswerModel.xcdatamodel; sourceTree = "<group>"; };
		AA1F6BD123530D3A00BD141B /* Answer+CoreDataClass.swift */ = {isa = PBXFileReference; fileEncoding = 4; lastKnownFileType = sourcecode.swift; path = "Answer+CoreDataClass.swift"; sourceTree = "<group>"; };
		AA1F6BD223530D3A00BD141B /* Answer+CoreDataProperties.swift */ = {isa = PBXFileReference; fileEncoding = 4; lastKnownFileType = sourcecode.swift; path = "Answer+CoreDataProperties.swift"; sourceTree = "<group>"; };
		AA1F6BD5235310DE00BD141B /* SavedAnswerService.swift */ = {isa = PBXFileReference; lastKnownFileType = sourcecode.swift; path = SavedAnswerService.swift; sourceTree = "<group>"; };
		AA1F6BD7235396DF00BD141B /* AnswerHistoryCell.swift */ = {isa = PBXFileReference; lastKnownFileType = sourcecode.swift; path = AnswerHistoryCell.swift; sourceTree = "<group>"; };
		AA3664CC230E763F00784E9F /* UserDefaultService.swift */ = {isa = PBXFileReference; lastKnownFileType = sourcecode.swift; path = UserDefaultService.swift; sourceTree = "<group>"; };
		AA3664CD230E763F00784E9F /* Response.swift */ = {isa = PBXFileReference; lastKnownFileType = sourcecode.swift; path = Response.swift; sourceTree = "<group>"; };
		AA3664CE230E763F00784E9F /* AnswersModel.swift */ = {isa = PBXFileReference; lastKnownFileType = sourcecode.swift; path = AnswersModel.swift; sourceTree = "<group>"; };
		AA3664CF230E763F00784E9F /* NetworkingService.swift */ = {isa = PBXFileReference; lastKnownFileType = sourcecode.swift; path = NetworkingService.swift; sourceTree = "<group>"; };
		AA3664D0230E763F00784E9F /* ResponsePackage.swift */ = {isa = PBXFileReference; lastKnownFileType = sourcecode.swift; path = ResponsePackage.swift; sourceTree = "<group>"; };
		AA68B76723098A3400226290 /* FortuneTeller.app */ = {isa = PBXFileReference; explicitFileType = wrapper.application; includeInIndex = 0; path = FortuneTeller.app; sourceTree = BUILT_PRODUCTS_DIR; };
		AA68B76A23098A3400226290 /* AppDelegate.swift */ = {isa = PBXFileReference; lastKnownFileType = sourcecode.swift; path = AppDelegate.swift; sourceTree = "<group>"; };
		AA68B76C23098A3400226290 /* MainViewController.swift */ = {isa = PBXFileReference; lastKnownFileType = sourcecode.swift; path = MainViewController.swift; sourceTree = "<group>"; };
		AA68B77323098A3600226290 /* Assets.xcassets */ = {isa = PBXFileReference; lastKnownFileType = folder.assetcatalog; path = Assets.xcassets; sourceTree = "<group>"; };
		AA68B77623098A3600226290 /* Base */ = {isa = PBXFileReference; lastKnownFileType = file.storyboard; name = Base; path = Base.lproj/LaunchScreen.storyboard; sourceTree = "<group>"; };
		AA68B77823098A3600226290 /* Info.plist */ = {isa = PBXFileReference; lastKnownFileType = text.plist.xml; path = Info.plist; sourceTree = "<group>"; };
		AA69DB16230D42790072805E /* MyButton.swift */ = {isa = PBXFileReference; lastKnownFileType = sourcecode.swift; path = MyButton.swift; sourceTree = "<group>"; };
		AA93A5A8230C6EE8004CACD2 /* DigitalStripBB_Reg.otf */ = {isa = PBXFileReference; lastKnownFileType = file; path = DigitalStripBB_Reg.otf; sourceTree = "<group>"; };
		AA93A5AC230C7158004CACD2 /* DigitalStripBB_BoldItal.otf */ = {isa = PBXFileReference; lastKnownFileType = file; path = DigitalStripBB_BoldItal.otf; sourceTree = "<group>"; };
		AA93A5AD230C7158004CACD2 /* DigitalStripBB_Ital.otf */ = {isa = PBXFileReference; lastKnownFileType = file; path = DigitalStripBB_Ital.otf; sourceTree = "<group>"; };
		AAA856122338ADC80044434B /* Colors.swift */ = {isa = PBXFileReference; fileEncoding = 4; lastKnownFileType = sourcecode.swift; path = Colors.swift; sourceTree = "<group>"; };
		AAD33C80234100810025E072 /* MainViewModel.swift */ = {isa = PBXFileReference; fileEncoding = 4; lastKnownFileType = sourcecode.swift; path = MainViewModel.swift; sourceTree = "<group>"; };
		AAD33C82234105F90025E072 /* SettingsViewModel.swift */ = {isa = PBXFileReference; lastKnownFileType = sourcecode.swift; path = SettingsViewModel.swift; sourceTree = "<group>"; };
		AAD33C902344829F0025E072 /* AnswersStoredData.swift */ = {isa = PBXFileReference; lastKnownFileType = sourcecode.swift; path = AnswersStoredData.swift; sourceTree = "<group>"; };
		AAD33C92234493270025E072 /* PresentableResponse.swift */ = {isa = PBXFileReference; lastKnownFileType = sourcecode.swift; path = PresentableResponse.swift; sourceTree = "<group>"; };
		AAD33C942344AE480025E072 /* Protocols.swift */ = {isa = PBXFileReference; lastKnownFileType = sourcecode.swift; path = Protocols.swift; sourceTree = "<group>"; };
		AAE636B0233B4F3A004B6868 /* Strings.swift */ = {isa = PBXFileReference; fileEncoding = 4; lastKnownFileType = sourcecode.swift; path = Strings.swift; sourceTree = "<group>"; };
		AAE636B2233B4FA4004B6868 /* Assets-images.swift */ = {isa = PBXFileReference; fileEncoding = 4; lastKnownFileType = sourcecode.swift; path = "Assets-images.swift"; sourceTree = "<group>"; };
		CAFC13C6B76309D51D0E210A /* Pods-FortuneTeller.debug.xcconfig */ = {isa = PBXFileReference; includeInIndex = 1; lastKnownFileType = text.xcconfig; name = "Pods-FortuneTeller.debug.xcconfig"; path = "Target Support Files/Pods-FortuneTeller/Pods-FortuneTeller.debug.xcconfig"; sourceTree = "<group>"; };
/* End PBXFileReference section */

/* Begin PBXFrameworksBuildPhase section */
		AA68B76423098A3400226290 /* Frameworks */ = {
			isa = PBXFrameworksBuildPhase;
			buildActionMask = 2147483647;
			files = (
				0498632378BDADAB01271077 /* libPods-FortuneTeller.a in Frameworks */,
			);
			runOnlyForDeploymentPostprocessing = 0;
		};
/* End PBXFrameworksBuildPhase section */

/* Begin PBXGroup section */
		2DA429CDFE454755B8646E2E /* Frameworks */ = {
			isa = PBXGroup;
			children = (
				40B2BF791BB6A65821C21E5E /* libPods-FortuneTeller.a */,
			);
			name = Frameworks;
			sourceTree = "<group>";
		};
		A37F4AAB59EB9F1CDF585A35 /* Pods */ = {
			isa = PBXGroup;
			children = (
				CAFC13C6B76309D51D0E210A /* Pods-FortuneTeller.debug.xcconfig */,
				2671921815CFDBCADF757EB4 /* Pods-FortuneTeller.release.xcconfig */,
			);
			path = Pods;
			sourceTree = "<group>";
		};
		AA0E851D23450FA0005EEB84 /* Model */ = {
			isa = PBXGroup;
			children = (
				AAD33C92234493270025E072 /* PresentableResponse.swift */,
			);
			path = Model;
			sourceTree = "<group>";
		};
		AA0E851E23450FD1005EEB84 /* PassiveModel */ = {
			isa = PBXGroup;
			children = (
				AA0E852323454148005EEB84 /* AnswersData.swift */,
			);
			path = PassiveModel;
			sourceTree = "<group>";
		};
		AA0E851F23450FE0005EEB84 /* ActiveModel */ = {
			isa = PBXGroup;
			children = (
				AA3664CE230E763F00784E9F /* AnswersModel.swift */,
			);
			path = ActiveModel;
			sourceTree = "<group>";
		};
		AA0E852023450FF0005EEB84 /* Services */ = {
			isa = PBXGroup;
			children = (
				AA3664CF230E763F00784E9F /* NetworkingService.swift */,
				AA0E852523454454005EEB84 /* ResponseModel */,
			);
			path = Services;
			sourceTree = "<group>";
		};
		AA0E85212345100A005EEB84 /* PassiveModel */ = {
			isa = PBXGroup;
			children = (
				AA1F6BD123530D3A00BD141B /* Answer+CoreDataClass.swift */,
				AA1F6BD223530D3A00BD141B /* Answer+CoreDataProperties.swift */,
				AAD33C902344829F0025E072 /* AnswersStoredData.swift */,
			);
			path = PassiveModel;
			sourceTree = "<group>";
		};
		AA0E852223451015005EEB84 /* Services */ = {
			isa = PBXGroup;
			children = (
				AA3664CC230E763F00784E9F /* UserDefaultService.swift */,
				AA0E854B234C8C37005EEB84 /* KeychainService.swift */,
				AA1F6BD5235310DE00BD141B /* SavedAnswerService.swift */,
			);
			path = Services;
			sourceTree = "<group>";
		};
		AA0E852523454454005EEB84 /* ResponseModel */ = {
			isa = PBXGroup;
			children = (
				AA3664D0230E763F00784E9F /* ResponsePackage.swift */,
				AA3664CD230E763F00784E9F /* Response.swift */,
			);
			path = ResponseModel;
			sourceTree = "<group>";
		};
		AA1F6BC12351E54400BD141B /* Views */ = {
			isa = PBXGroup;
			children = (
				AA1F6BC22351E58D00BD141B /* HUDView.swift */,
				AA1F6BC423520A7000BD141B /* TypeDisplayCell.swift */,
				AA1F6BC623520AD700BD141B /* TypePickerCell.swift */,
				AA1F6BC823520B3E00BD141B /* AnswerInputCell.swift */,
				AA1F6BD7235396DF00BD141B /* AnswerHistoryCell.swift */,
			);
			path = Views;
			sourceTree = "<group>";
		};
		AA68B75E23098A3400226290 = {
			isa = PBXGroup;
			children = (
				AA68B76923098A3400226290 /* FortuneTeller */,
				A37F4AAB59EB9F1CDF585A35 /* Pods */,
				2DA429CDFE454755B8646E2E /* Frameworks */,
			);
			sourceTree = "<group>";
		};
		AA68B76823098A3400226290 /* Products */ = {
			isa = PBXGroup;
			children = (
				AA68B76723098A3400226290 /* FortuneTeller.app */,
			);
			name = Products;
			path = ..;
			sourceTree = "<group>";
		};
		AA68B76923098A3400226290 /* FortuneTeller */ = {
			isa = PBXGroup;
			children = (
				AA68B78123098AE100226290 /* Global */,
				AAD33C8C234392DE0025E072 /* Presentation */,
				AAD33C8B234392CE0025E072 /* Application */,
				AAD33C972344B4590025E072 /* Data */,
				AAA8560823381D440044434B /* Swiftgen */,
				AA68B76823098A3400226290 /* Products */,
				AA68B77823098A3600226290 /* Info.plist */,
			);
			path = FortuneTeller;
			sourceTree = "<group>";
		};
		AA68B78123098AE100226290 /* Global */ = {
			isa = PBXGroup;
			children = (
				AAD33C942344AE480025E072 /* Protocols.swift */,
				AA68B76A23098A3400226290 /* AppDelegate.swift */,
				AA68B77523098A3600226290 /* LaunchScreen.storyboard */,
				AA68B77323098A3600226290 /* Assets.xcassets */,
				AA93A5B6230C7B98004CACD2 /* Extensions */,
				AA93A5A7230C6E64004CACD2 /* Fonts */,
			);
			path = Global;
			sourceTree = "<group>";
		};
		AA93A5A7230C6E64004CACD2 /* Fonts */ = {
			isa = PBXGroup;
			children = (
				AA93A5A8230C6EE8004CACD2 /* DigitalStripBB_Reg.otf */,
				AA93A5AC230C7158004CACD2 /* DigitalStripBB_BoldItal.otf */,
				AA93A5AD230C7158004CACD2 /* DigitalStripBB_Ital.otf */,
			);
			path = Fonts;
			sourceTree = "<group>";
		};
		AA93A5B6230C7B98004CACD2 /* Extensions */ = {
			isa = PBXGroup;
			children = (
				AA69DB16230D42790072805E /* MyButton.swift */,
			);
			path = Extensions;
			sourceTree = "<group>";
		};
		AAA8560823381D440044434B /* Swiftgen */ = {
			isa = PBXGroup;
			children = (
				AA0E8549234C7CD1005EEB84 /* Fonts.swift */,
				AAA856122338ADC80044434B /* Colors.swift */,
				AAE636B0233B4F3A004B6868 /* Strings.swift */,
				AAE636B2233B4FA4004B6868 /* Assets-images.swift */,
			);
			path = Swiftgen;
			sourceTree = "<group>";
		};
		AAD33C7F2341005B0025E072 /* View Models */ = {
			isa = PBXGroup;
			children = (
				AAD33C80234100810025E072 /* MainViewModel.swift */,
				AAD33C82234105F90025E072 /* SettingsViewModel.swift */,
			);
			path = "View Models";
			sourceTree = "<group>";
		};
		AAD33C8B234392CE0025E072 /* Application */ = {
			isa = PBXGroup;
			children = (
				AA0E851E23450FD1005EEB84 /* PassiveModel */,
				AA0E851F23450FE0005EEB84 /* ActiveModel */,
				AA0E852023450FF0005EEB84 /* Services */,
			);
			path = Application;
			sourceTree = "<group>";
		};
		AAD33C8C234392DE0025E072 /* Presentation */ = {
			isa = PBXGroup;
			children = (
				AA1F6BC12351E54400BD141B /* Views */,
				AAD33C8E2343932A0025E072 /* ViewControllers */,
				AAD33C7F2341005B0025E072 /* View Models */,
				AA0E851D23450FA0005EEB84 /* Model */,
			);
			path = Presentation;
			sourceTree = "<group>";
		};
		AAD33C8E2343932A0025E072 /* ViewControllers */ = {
			isa = PBXGroup;
			children = (
				AA18C63E230DCC6A00DED0FA /* TabBarViewController.swift */,
				AA68B76C23098A3400226290 /* MainViewController.swift */,
				AA1F6BBD23508D7300BD141B /* SettingsViewController.swift */,
				AA1F6BBF2350C3D200BD141B /* SaveAnswerViewController.swift */,
			);
			path = ViewControllers;
			sourceTree = "<group>";
		};
		AAD33C972344B4590025E072 /* Data */ = {
			isa = PBXGroup;
			children = (
				AA1F6BCA235309F100BD141B /* SavedAnswerModel.xcdatamodeld */,
				AA0E85212345100A005EEB84 /* PassiveModel */,
				AA0E852223451015005EEB84 /* Services */,
			);
			path = Data;
			sourceTree = "<group>";
		};
/* End PBXGroup section */

/* Begin PBXNativeTarget section */
		AA68B76623098A3400226290 /* FortuneTeller */ = {
			isa = PBXNativeTarget;
			buildConfigurationList = AA68B77B23098A3600226290 /* Build configuration list for PBXNativeTarget "FortuneTeller" */;
			buildPhases = (
				E701112DFAFC28D5B9F53979 /* [CP] Check Pods Manifest.lock */,
				AAA8560F2338315D0044434B /* SwiftGen */,
				AA04D0BE2334C8F5003E84FA /* SwiftLint */,
				AA68B76323098A3400226290 /* Sources */,
				AA68B76423098A3400226290 /* Frameworks */,
				AA68B76523098A3400226290 /* Resources */,
			);
			buildRules = (
			);
			dependencies = (
			);
			name = FortuneTeller;
			productName = FortuneTeller;
			productReference = AA68B76723098A3400226290 /* FortuneTeller.app */;
			productType = "com.apple.product-type.application";
		};
/* End PBXNativeTarget section */

/* Begin PBXProject section */
		AA68B75F23098A3400226290 /* Project object */ = {
			isa = PBXProject;
			attributes = {
				LastSwiftUpdateCheck = 1020;
				LastUpgradeCheck = 1020;
				ORGANIZATIONNAME = "Dmitry Grin";
				TargetAttributes = {
					AA68B76623098A3400226290 = {
						CreatedOnToolsVersion = 10.2.1;
					};
				};
			};
			buildConfigurationList = AA68B76223098A3400226290 /* Build configuration list for PBXProject "FortuneTeller" */;
			compatibilityVersion = "Xcode 9.3";
			developmentRegion = en;
			hasScannedForEncodings = 0;
			knownRegions = (
				en,
				Base,
			);
			mainGroup = AA68B75E23098A3400226290;
			productRefGroup = AA68B76823098A3400226290 /* Products */;
			projectDirPath = "";
			projectRoot = "";
			targets = (
				AA68B76623098A3400226290 /* FortuneTeller */,
			);
		};
/* End PBXProject section */

/* Begin PBXResourcesBuildPhase section */
		AA68B76523098A3400226290 /* Resources */ = {
			isa = PBXResourcesBuildPhase;
			buildActionMask = 2147483647;
			files = (
				AA93A5AE230C7158004CACD2 /* DigitalStripBB_BoldItal.otf in Resources */,
				AA93A5AF230C7158004CACD2 /* DigitalStripBB_Ital.otf in Resources */,
				AA68B77723098A3600226290 /* LaunchScreen.storyboard in Resources */,
				AA93A5A9230C6EED004CACD2 /* DigitalStripBB_Reg.otf in Resources */,
				AA68B77423098A3600226290 /* Assets.xcassets in Resources */,
			);
			runOnlyForDeploymentPostprocessing = 0;
		};
/* End PBXResourcesBuildPhase section */

/* Begin PBXShellScriptBuildPhase section */
		AA04D0BE2334C8F5003E84FA /* SwiftLint */ = {
			isa = PBXShellScriptBuildPhase;
			buildActionMask = 2147483647;
			files = (
			);
			inputFileListPaths = (
			);
			inputPaths = (
			);
			name = SwiftLint;
			outputFileListPaths = (
			);
			outputPaths = (
			);
			runOnlyForDeploymentPostprocessing = 0;
			shellPath = /bin/sh;
			shellScript = "${PODS_ROOT}/SwiftLint/swiftlint\n";
		};
		AAA8560F2338315D0044434B /* SwiftGen */ = {
			isa = PBXShellScriptBuildPhase;
			buildActionMask = 2147483647;
			files = (
			);
			inputFileListPaths = (
			);
			inputPaths = (
			);
			name = SwiftGen;
			outputFileListPaths = (
			);
			outputPaths = (
			);
			runOnlyForDeploymentPostprocessing = 0;
			shellPath = /bin/sh;
			shellScript = "$PODS_ROOT/SwiftGen/bin/swiftgen\n";
		};
		E701112DFAFC28D5B9F53979 /* [CP] Check Pods Manifest.lock */ = {
			isa = PBXShellScriptBuildPhase;
			buildActionMask = 2147483647;
			files = (
			);
			inputFileListPaths = (
			);
			inputPaths = (
				"${PODS_PODFILE_DIR_PATH}/Podfile.lock",
				"${PODS_ROOT}/Manifest.lock",
			);
			name = "[CP] Check Pods Manifest.lock";
			outputFileListPaths = (
			);
			outputPaths = (
				"$(DERIVED_FILE_DIR)/Pods-FortuneTeller-checkManifestLockResult.txt",
			);
			runOnlyForDeploymentPostprocessing = 0;
			shellPath = /bin/sh;
			shellScript = "diff \"${PODS_PODFILE_DIR_PATH}/Podfile.lock\" \"${PODS_ROOT}/Manifest.lock\" > /dev/null\nif [ $? != 0 ] ; then\n    # print error to STDERR\n    echo \"error: The sandbox is not in sync with the Podfile.lock. Run 'pod install' or update your CocoaPods installation.\" >&2\n    exit 1\nfi\n# This output is used by Xcode 'outputs' to avoid re-running this script phase.\necho \"SUCCESS\" > \"${SCRIPT_OUTPUT_FILE_0}\"\n";
			showEnvVarsInLog = 0;
		};
/* End PBXShellScriptBuildPhase section */

/* Begin PBXSourcesBuildPhase section */
		AA68B76323098A3400226290 /* Sources */ = {
			isa = PBXSourcesBuildPhase;
			buildActionMask = 2147483647;
			files = (
				AA1F6BC523520A7000BD141B /* TypeDisplayCell.swift in Sources */,
				AA1F6BD323530D3A00BD141B /* Answer+CoreDataClass.swift in Sources */,
				AA3664D1230E763F00784E9F /* UserDefaultService.swift in Sources */,
				AAA856132338ADC80044434B /* Colors.swift in Sources */,
				AA3664D2230E763F00784E9F /* Response.swift in Sources */,
				AAD33C952344AE480025E072 /* Protocols.swift in Sources */,
				AA0E852423454148005EEB84 /* AnswersData.swift in Sources */,
				AAE636B3233B4FA4004B6868 /* Assets-images.swift in Sources */,
				AA3664D3230E763F00784E9F /* AnswersModel.swift in Sources */,
				AAD33C83234105F90025E072 /* SettingsViewModel.swift in Sources */,
				AA3664D4230E763F00784E9F /* NetworkingService.swift in Sources */,
				AA1F6BC02350C3D200BD141B /* SaveAnswerViewController.swift in Sources */,
				AA3664D5230E763F00784E9F /* ResponsePackage.swift in Sources */,
				AAD33C81234100810025E072 /* MainViewModel.swift in Sources */,
				AA1F6BC32351E58D00BD141B /* HUDView.swift in Sources */,
				AA0E854C234C8C37005EEB84 /* KeychainService.swift in Sources */,
				AA1F6BBE23508D7300BD141B /* SettingsViewController.swift in Sources */,
				AA1F6BD6235310DE00BD141B /* SavedAnswerService.swift in Sources */,
				AA1F6BD423530D3A00BD141B /* Answer+CoreDataProperties.swift in Sources */,
				AA1F6BCC235309F100BD141B /* SavedAnswerModel.xcdatamodeld in Sources */,
				AA68B76B23098A3400226290 /* AppDelegate.swift in Sources */,
				AA1F6BC723520AD700BD141B /* TypePickerCell.swift in Sources */,
				AAD33C93234493270025E072 /* PresentableResponse.swift in Sources */,
				AA68B76D23098A3400226290 /* MainViewController.swift in Sources */,
				AAE636B1233B4F3A004B6868 /* Strings.swift in Sources */,
				AA0E854A234C7CD2005EEB84 /* Fonts.swift in Sources */,
				AA18C63F230DCC6A00DED0FA /* TabBarViewController.swift in Sources */,
				AA69DB17230D42790072805E /* MyButton.swift in Sources */,
				AA1F6BD8235396DF00BD141B /* AnswerHistoryCell.swift in Sources */,
				AA1F6BC923520B3E00BD141B /* AnswerInputCell.swift in Sources */,
				AAD33C912344829F0025E072 /* AnswersStoredData.swift in Sources */,
			);
			runOnlyForDeploymentPostprocessing = 0;
		};
/* End PBXSourcesBuildPhase section */

/* Begin PBXVariantGroup section */
		AA68B77523098A3600226290 /* LaunchScreen.storyboard */ = {
			isa = PBXVariantGroup;
			children = (
				AA68B77623098A3600226290 /* Base */,
			);
			name = LaunchScreen.storyboard;
			sourceTree = "<group>";
		};
/* End PBXVariantGroup section */

/* Begin XCBuildConfiguration section */
		AA68B77923098A3600226290 /* Debug */ = {
			isa = XCBuildConfiguration;
			buildSettings = {
				ALWAYS_SEARCH_USER_PATHS = NO;
				CLANG_ANALYZER_LOCALIZABILITY_NONLOCALIZED = YES;
				CLANG_ANALYZER_NONNULL = YES;
				CLANG_ANALYZER_NUMBER_OBJECT_CONVERSION = YES_AGGRESSIVE;
				CLANG_CXX_LANGUAGE_STANDARD = "gnu++14";
				CLANG_CXX_LIBRARY = "libc++";
				CLANG_ENABLE_MODULES = YES;
				CLANG_ENABLE_OBJC_ARC = YES;
				CLANG_ENABLE_OBJC_WEAK = YES;
				CLANG_WARN_BLOCK_CAPTURE_AUTORELEASING = YES;
				CLANG_WARN_BOOL_CONVERSION = YES;
				CLANG_WARN_COMMA = YES;
				CLANG_WARN_CONSTANT_CONVERSION = YES;
				CLANG_WARN_DEPRECATED_OBJC_IMPLEMENTATIONS = YES;
				CLANG_WARN_DIRECT_OBJC_ISA_USAGE = YES_ERROR;
				CLANG_WARN_DOCUMENTATION_COMMENTS = YES;
				CLANG_WARN_EMPTY_BODY = YES;
				CLANG_WARN_ENUM_CONVERSION = YES;
				CLANG_WARN_INFINITE_RECURSION = YES;
				CLANG_WARN_INT_CONVERSION = YES;
				CLANG_WARN_NON_LITERAL_NULL_CONVERSION = YES;
				CLANG_WARN_OBJC_IMPLICIT_RETAIN_SELF = YES;
				CLANG_WARN_OBJC_LITERAL_CONVERSION = YES;
				CLANG_WARN_OBJC_ROOT_CLASS = YES_ERROR;
				CLANG_WARN_RANGE_LOOP_ANALYSIS = YES;
				CLANG_WARN_STRICT_PROTOTYPES = YES;
				CLANG_WARN_SUSPICIOUS_MOVE = YES;
				CLANG_WARN_UNGUARDED_AVAILABILITY = YES_AGGRESSIVE;
				CLANG_WARN_UNREACHABLE_CODE = YES;
				CLANG_WARN__DUPLICATE_METHOD_MATCH = YES;
				CODE_SIGN_IDENTITY = "iPhone Developer";
				COPY_PHASE_STRIP = NO;
				DEBUG_INFORMATION_FORMAT = dwarf;
				ENABLE_STRICT_OBJC_MSGSEND = YES;
				ENABLE_TESTABILITY = YES;
				GCC_C_LANGUAGE_STANDARD = gnu11;
				GCC_DYNAMIC_NO_PIC = NO;
				GCC_NO_COMMON_BLOCKS = YES;
				GCC_OPTIMIZATION_LEVEL = 0;
				GCC_PREPROCESSOR_DEFINITIONS = (
					"DEBUG=1",
					"$(inherited)",
				);
				GCC_WARN_64_TO_32_BIT_CONVERSION = YES;
				GCC_WARN_ABOUT_RETURN_TYPE = YES_ERROR;
				GCC_WARN_UNDECLARED_SELECTOR = YES;
				GCC_WARN_UNINITIALIZED_AUTOS = YES_AGGRESSIVE;
				GCC_WARN_UNUSED_FUNCTION = YES;
				GCC_WARN_UNUSED_VARIABLE = YES;
				IPHONEOS_DEPLOYMENT_TARGET = 12.2;
				MTL_ENABLE_DEBUG_INFO = INCLUDE_SOURCE;
				MTL_FAST_MATH = YES;
				ONLY_ACTIVE_ARCH = YES;
				SDKROOT = iphoneos;
				SWIFT_ACTIVE_COMPILATION_CONDITIONS = DEBUG;
				SWIFT_OPTIMIZATION_LEVEL = "-Onone";
			};
			name = Debug;
		};
		AA68B77A23098A3600226290 /* Release */ = {
			isa = XCBuildConfiguration;
			buildSettings = {
				ALWAYS_SEARCH_USER_PATHS = NO;
				CLANG_ANALYZER_LOCALIZABILITY_NONLOCALIZED = YES;
				CLANG_ANALYZER_NONNULL = YES;
				CLANG_ANALYZER_NUMBER_OBJECT_CONVERSION = YES_AGGRESSIVE;
				CLANG_CXX_LANGUAGE_STANDARD = "gnu++14";
				CLANG_CXX_LIBRARY = "libc++";
				CLANG_ENABLE_MODULES = YES;
				CLANG_ENABLE_OBJC_ARC = YES;
				CLANG_ENABLE_OBJC_WEAK = YES;
				CLANG_WARN_BLOCK_CAPTURE_AUTORELEASING = YES;
				CLANG_WARN_BOOL_CONVERSION = YES;
				CLANG_WARN_COMMA = YES;
				CLANG_WARN_CONSTANT_CONVERSION = YES;
				CLANG_WARN_DEPRECATED_OBJC_IMPLEMENTATIONS = YES;
				CLANG_WARN_DIRECT_OBJC_ISA_USAGE = YES_ERROR;
				CLANG_WARN_DOCUMENTATION_COMMENTS = YES;
				CLANG_WARN_EMPTY_BODY = YES;
				CLANG_WARN_ENUM_CONVERSION = YES;
				CLANG_WARN_INFINITE_RECURSION = YES;
				CLANG_WARN_INT_CONVERSION = YES;
				CLANG_WARN_NON_LITERAL_NULL_CONVERSION = YES;
				CLANG_WARN_OBJC_IMPLICIT_RETAIN_SELF = YES;
				CLANG_WARN_OBJC_LITERAL_CONVERSION = YES;
				CLANG_WARN_OBJC_ROOT_CLASS = YES_ERROR;
				CLANG_WARN_RANGE_LOOP_ANALYSIS = YES;
				CLANG_WARN_STRICT_PROTOTYPES = YES;
				CLANG_WARN_SUSPICIOUS_MOVE = YES;
				CLANG_WARN_UNGUARDED_AVAILABILITY = YES_AGGRESSIVE;
				CLANG_WARN_UNREACHABLE_CODE = YES;
				CLANG_WARN__DUPLICATE_METHOD_MATCH = YES;
				CODE_SIGN_IDENTITY = "iPhone Developer";
				COPY_PHASE_STRIP = NO;
				DEBUG_INFORMATION_FORMAT = "dwarf-with-dsym";
				ENABLE_NS_ASSERTIONS = NO;
				ENABLE_STRICT_OBJC_MSGSEND = YES;
				GCC_C_LANGUAGE_STANDARD = gnu11;
				GCC_NO_COMMON_BLOCKS = YES;
				GCC_WARN_64_TO_32_BIT_CONVERSION = YES;
				GCC_WARN_ABOUT_RETURN_TYPE = YES_ERROR;
				GCC_WARN_UNDECLARED_SELECTOR = YES;
				GCC_WARN_UNINITIALIZED_AUTOS = YES_AGGRESSIVE;
				GCC_WARN_UNUSED_FUNCTION = YES;
				GCC_WARN_UNUSED_VARIABLE = YES;
				IPHONEOS_DEPLOYMENT_TARGET = 12.2;
				MTL_ENABLE_DEBUG_INFO = NO;
				MTL_FAST_MATH = YES;
				SDKROOT = iphoneos;
				SWIFT_COMPILATION_MODE = wholemodule;
				SWIFT_OPTIMIZATION_LEVEL = "-O";
				VALIDATE_PRODUCT = YES;
			};
			name = Release;
		};
		AA68B77C23098A3600226290 /* Debug */ = {
			isa = XCBuildConfiguration;
			baseConfigurationReference = CAFC13C6B76309D51D0E210A /* Pods-FortuneTeller.debug.xcconfig */;
			buildSettings = {
				ASSETCATALOG_COMPILER_APPICON_NAME = AppIcon;
				CODE_SIGN_STYLE = Automatic;
				DEVELOPMENT_TEAM = 537J3SL25R;
				INFOPLIST_FILE = FortuneTeller/Info.plist;
				IPHONEOS_DEPLOYMENT_TARGET = 12.2;
				LD_RUNPATH_SEARCH_PATHS = (
					"$(inherited)",
					"@executable_path/Frameworks",
				);
				PRODUCT_BUNDLE_IDENTIFIER = com.FortuneTeller;
				PRODUCT_NAME = "$(TARGET_NAME)";
				SWIFT_VERSION = 5.0;
				TARGETED_DEVICE_FAMILY = "1,2";
			};
			name = Debug;
		};
		AA68B77D23098A3600226290 /* Release */ = {
			isa = XCBuildConfiguration;
			baseConfigurationReference = 2671921815CFDBCADF757EB4 /* Pods-FortuneTeller.release.xcconfig */;
			buildSettings = {
				ASSETCATALOG_COMPILER_APPICON_NAME = AppIcon;
				CODE_SIGN_STYLE = Automatic;
				DEVELOPMENT_TEAM = 537J3SL25R;
				INFOPLIST_FILE = FortuneTeller/Info.plist;
				IPHONEOS_DEPLOYMENT_TARGET = 12.2;
				LD_RUNPATH_SEARCH_PATHS = (
					"$(inherited)",
					"@executable_path/Frameworks",
				);
				PRODUCT_BUNDLE_IDENTIFIER = com.FortuneTeller;
				PRODUCT_NAME = "$(TARGET_NAME)";
				SWIFT_VERSION = 5.0;
				TARGETED_DEVICE_FAMILY = "1,2";
			};
			name = Release;
		};
/* End XCBuildConfiguration section */

/* Begin XCConfigurationList section */
		AA68B76223098A3400226290 /* Build configuration list for PBXProject "FortuneTeller" */ = {
			isa = XCConfigurationList;
			buildConfigurations = (
				AA68B77923098A3600226290 /* Debug */,
				AA68B77A23098A3600226290 /* Release */,
			);
			defaultConfigurationIsVisible = 0;
			defaultConfigurationName = Release;
		};
		AA68B77B23098A3600226290 /* Build configuration list for PBXNativeTarget "FortuneTeller" */ = {
			isa = XCConfigurationList;
			buildConfigurations = (
				AA68B77C23098A3600226290 /* Debug */,
				AA68B77D23098A3600226290 /* Release */,
			);
			defaultConfigurationIsVisible = 0;
			defaultConfigurationName = Release;
		};
/* End XCConfigurationList section */

/* Begin XCVersionGroup section */
		AA1F6BCA235309F100BD141B /* SavedAnswerModel.xcdatamodeld */ = {
			isa = XCVersionGroup;
			children = (
				AA1F6BCB235309F100BD141B /* SavedAnswerModel.xcdatamodel */,
			);
			currentVersion = AA1F6BCB235309F100BD141B /* SavedAnswerModel.xcdatamodel */;
			path = SavedAnswerModel.xcdatamodeld;
			sourceTree = "<group>";
			versionGroupType = wrapper.xcdatamodel;
		};
/* End XCVersionGroup section */
	};
	rootObject = AA68B75F23098A3400226290 /* Project object */;
}
